Microsoft Visual Studio Solution File, Format Version 12.00
# Visual Studio Version 17
VisualStudioVersion = 17.5.2.0
MinimumVisualStudioVersion = 10.0.40219.1
Project("{FAE04EC0-301F-11D3-BF4B-00C04F79EFBC}") = "CartaoDeVacinaAPI", "CartaoDeVacinaAPI.csproj", "{1AED9915-3E3D-EA47-5653-186853274829}"
EndProject
Global
	GlobalSection(SolutionConfigurationPlatforms) = preSolution
		Debug|Any CPU = Debug|Any CPU
		Release|Any CPU = Release|Any CPU
	EndGlobalSection
	GlobalSection(ProjectConfigurationPlatforms) = postSolution
		{1AED9915-3E3D-EA47-5653-186853274829}.Debug|Any CPU.ActiveCfg = Debug|Any CPU
		{1AED9915-3E3D-EA47-5653-186853274829}.Debug|Any CPU.Build.0 = Debug|Any CPU
		{1AED9915-3E3D-EA47-5653-186853274829}.Release|Any CPU.ActiveCfg = Release|Any CPU
		{1AED9915-3E3D-EA47-5653-186853274829}.Release|Any CPU.Build.0 = Release|Any CPU
	EndGlobalSection
	GlobalSection(SolutionProperties) = preSolution
		HideSolutionNode = FALSE
	EndGlobalSection
	GlobalSection(ExtensibilityGlobals) = postSolution
		SolutionGuid = {157CC3A5-0F1F-4187-9C78-35C8AC162BF6}
	EndGlobalSection
EndGlobal
